
Microsoft Visual Studio Solution File, Format Version 12.00
# Visual Studio Version 16
VisualStudioVersion = 16.0.31605.320
MinimumVisualStudioVersion = 10.0.40219.1
Project("{FAE04EC0-301F-11D3-BF4B-00C04F79EFBC}") = "DesafioFinal", "DesafioFinal\DesafioFinal.csproj", "{91C88D91-4E18-4EC3-95DD-8C7E1107DBCD}"
EndProject
Global
	GlobalSection(SolutionConfigurationPlatforms) = preSolution
		Debug|Any CPU = Debug|Any CPU
		Release|Any CPU = Release|Any CPU
	EndGlobalSection
	GlobalSection(ProjectConfigurationPlatforms) = postSolution
		{91C88D91-4E18-4EC3-95DD-8C7E1107DBCD}.Debug|Any CPU.ActiveCfg = Debug|Any CPU
		{91C88D91-4E18-4EC3-95DD-8C7E1107DBCD}.Debug|Any CPU.Build.0 = Debug|Any CPU
		{91C88D91-4E18-4EC3-95DD-8C7E1107DBCD}.Release|Any CPU.ActiveCfg = Release|Any CPU
		{91C88D91-4E18-4EC3-95DD-8C7E1107DBCD}.Release|Any CPU.Build.0 = Release|Any CPU
	EndGlobalSection
	GlobalSection(SolutionProperties) = preSolution
		HideSolutionNode = FALSE
	EndGlobalSection
	GlobalSection(ExtensibilityGlobals) = postSolution
		SolutionGuid = {232D8702-61D3-4336-A4F0-C65246C67727}
	EndGlobalSection
EndGlobal
