
Microsoft Visual Studio Solution File, Format Version 12.00
# Visual Studio Version 16
VisualStudioVersion = 16.0.31605.320
MinimumVisualStudioVersion = 10.0.40219.1
Project("{FAE04EC0-301F-11D3-BF4B-00C04F79EFBC}") = "ImprimibleDesafio", "ImprimibleDesafio\ImprimibleDesafio.csproj", "{19481AC8-75C5-445F-8BB4-8C371B476729}"
EndProject
Global
	GlobalSection(SolutionConfigurationPlatforms) = preSolution
		Debug|Any CPU = Debug|Any CPU
		Release|Any CPU = Release|Any CPU
	EndGlobalSection
	GlobalSection(ProjectConfigurationPlatforms) = postSolution
		{19481AC8-75C5-445F-8BB4-8C371B476729}.Debug|Any CPU.ActiveCfg = Debug|Any CPU
		{19481AC8-75C5-445F-8BB4-8C371B476729}.Debug|Any CPU.Build.0 = Debug|Any CPU
		{19481AC8-75C5-445F-8BB4-8C371B476729}.Release|Any CPU.ActiveCfg = Release|Any CPU
		{19481AC8-75C5-445F-8BB4-8C371B476729}.Release|Any CPU.Build.0 = Release|Any CPU
	EndGlobalSection
	GlobalSection(SolutionProperties) = preSolution
		HideSolutionNode = FALSE
	EndGlobalSection
	GlobalSection(ExtensibilityGlobals) = postSolution
		SolutionGuid = {B193E3B6-3B6E-4D77-B04F-03C073AC22E7}
	EndGlobalSection
EndGlobal
