
Microsoft Visual Studio Solution File, Format Version 12.00
# Visual Studio Version 16
VisualStudioVersion = 16.0.31605.320
MinimumVisualStudioVersion = 10.0.40219.1
Project("{FAE04EC0-301F-11D3-BF4B-00C04F79EFBC}") = "ElSoldado", "Soldado\ElSoldado.csproj", "{55B67121-8425-40B8-B223-92A1FFFBBCDC}"
EndProject
Global
	GlobalSection(SolutionConfigurationPlatforms) = preSolution
		Debug|Any CPU = Debug|Any CPU
		Release|Any CPU = Release|Any CPU
	EndGlobalSection
	GlobalSection(ProjectConfigurationPlatforms) = postSolution
		{55B67121-8425-40B8-B223-92A1FFFBBCDC}.Debug|Any CPU.ActiveCfg = Debug|Any CPU
		{55B67121-8425-40B8-B223-92A1FFFBBCDC}.Debug|Any CPU.Build.0 = Debug|Any CPU
		{55B67121-8425-40B8-B223-92A1FFFBBCDC}.Release|Any CPU.ActiveCfg = Release|Any CPU
		{55B67121-8425-40B8-B223-92A1FFFBBCDC}.Release|Any CPU.Build.0 = Release|Any CPU
	EndGlobalSection
	GlobalSection(SolutionProperties) = preSolution
		HideSolutionNode = FALSE
	EndGlobalSection
	GlobalSection(ExtensibilityGlobals) = postSolution
		SolutionGuid = {42D1F02B-311B-4E36-B128-7A6050DCA1F5}
	EndGlobalSection
EndGlobal
